
Microsoft Visual Studio Solution File, Format Version 12.00
# Visual Studio Version 17
VisualStudioVersion = 17.4.33213.308
MinimumVisualStudioVersion = 10.0.40219.1
Project("{FAE04EC0-301F-11D3-BF4B-00C04F79EFBC}") = "Clase2_Ejercico1_2_3", "Clase2_Ejercico1_2_3.csproj", "{8402CD07-42A6-4A65-8EE3-6630F7D6E758}"
EndProject
Global
	GlobalSection(SolutionConfigurationPlatforms) = preSolution
		Debug|Any CPU = Debug|Any CPU
		Release|Any CPU = Release|Any CPU
	EndGlobalSection
	GlobalSection(ProjectConfigurationPlatforms) = postSolution
		{8402CD07-42A6-4A65-8EE3-6630F7D6E758}.Debug|Any CPU.ActiveCfg = Debug|Any CPU
		{8402CD07-42A6-4A65-8EE3-6630F7D6E758}.Debug|Any CPU.Build.0 = Debug|Any CPU
		{8402CD07-42A6-4A65-8EE3-6630F7D6E758}.Release|Any CPU.ActiveCfg = Release|Any CPU
		{8402CD07-42A6-4A65-8EE3-6630F7D6E758}.Release|Any CPU.Build.0 = Release|Any CPU
	EndGlobalSection
	GlobalSection(SolutionProperties) = preSolution
		HideSolutionNode = FALSE
	EndGlobalSection
	GlobalSection(ExtensibilityGlobals) = postSolution
		SolutionGuid = {D4BFACB9-BCE5-4B96-B40C-01C8D983A3FC}
	EndGlobalSection
EndGlobal
